
Microsoft Visual Studio Solution File, Format Version 12.00
# Visual Studio Version 17
VisualStudioVersion = 17.2.32616.157
MinimumVisualStudioVersion = 10.0.40219.1
Project("{FAE04EC0-301F-11D3-BF4B-00C04F79EFBC}") = "01. Excellent Result", "01. Excellent Result\01. Excellent Result.csproj", "{C3C804A5-E083-4A7F-A340-4336C4C44C38}"
EndProject
Project("{FAE04EC0-301F-11D3-BF4B-00C04F79EFBC}") = "02. Excellent or Not", "02. Excellent or Not\02. Excellent or Not.csproj", "{FC22190B-8CCC-49F1-B28A-550DD6FD3FFB}"
EndProject
Project("{FAE04EC0-301F-11D3-BF4B-00C04F79EFBC}") = "03. Even or Odd", "03. Even or Odd\03. Even or Odd.csproj", "{E2CCB282-901B-4D13-91C7-0A2C289CF727}"
EndProject
Project("{FAE04EC0-301F-11D3-BF4B-00C04F79EFBC}") = "04. Greater Number", "04. Greater Number\04. Greater Number.csproj", "{E7C95F42-C1D9-4C16-B998-9FE54F23D963}"
EndProject
Project("{FAE04EC0-301F-11D3-BF4B-00C04F79EFBC}") = "05. Number 0to9 to Text", "05. Number 0to9 to Text\05. Number 0to9 to Text.csproj", "{B7B26092-5201-4252-A43A-3B58BBE6AD41}"
EndProject
Project("{FAE04EC0-301F-11D3-BF4B-00C04F79EFBC}") = "06. Bonus Score", "06. Bonus Score\06. Bonus Score.csproj", "{1047F42F-A040-48E7-A306-BE4838D9D835}"
EndProject
Project("{FAE04EC0-301F-11D3-BF4B-00C04F79EFBC}") = "07. Sum Seconds", "07. Sum Seconds\07. Sum Seconds.csproj", "{23F3B02C-1645-46C7-A4B3-EB9240B61632}"
EndProject
Project("{FAE04EC0-301F-11D3-BF4B-00C04F79EFBC}") = "08. Metric Converter", "08. Metric Converter\08. Metric Converter.csproj", "{6D2C446F-F6AA-4ED2-ABF5-7A698BDFCB52}"
EndProject
Project("{FAE04EC0-301F-11D3-BF4B-00C04F79EFBC}") = "09. Password Guess", "09. Password Guess\09. Password Guess.csproj", "{09515451-4F3A-4367-84A3-F556A0E60C33}"
EndProject
Project("{FAE04EC0-301F-11D3-BF4B-00C04F79EFBC}") = "10. Number 100To200", "10. Number 100To200\10. Number 100To200.csproj", "{8405D25B-2B11-4D75-B3D1-C32731A03793}"
EndProject
Project("{FAE04EC0-301F-11D3-BF4B-00C04F79EFBC}") = "11. Equal Words", "11. Equal Words\11. Equal Words.csproj", "{CB9992A0-A2C2-4DCA-852C-F4A36F42C633}"
EndProject
Project("{FAE04EC0-301F-11D3-BF4B-00C04F79EFBC}") = "12. Speed Info", "12. Speed Info\12. Speed Info.csproj", "{8272E270-AFD4-4875-A2A8-5A93A76B1D3F}"
EndProject
Project("{FAE04EC0-301F-11D3-BF4B-00C04F79EFBC}") = "13. Area of Figures", "13. Area of Figures\13. Area of Figures.csproj", "{4088DF0D-2C70-49A0-9CF5-83A4225C44D6}"
EndProject
Project("{FAE04EC0-301F-11D3-BF4B-00C04F79EFBC}") = "14. TimePlus15 Minutes", "14. Time + 15 Minutes\14. TimePlus15 Minutes.csproj", "{F46DAA73-843B-438C-93E8-D360C5F5E429}"
EndProject
Project("{FAE04EC0-301F-11D3-BF4B-00C04F79EFBC}") = "15.  Equal Numbers", "15. 3 Equal Numbers\15.  Equal Numbers.csproj", "{1F4F04EC-2A34-48F5-A77E-8CA60A90A45B}"
EndProject
Project("{FAE04EC0-301F-11D3-BF4B-00C04F79EFBC}") = "16. Number 0To100 to Text", "16. Number 0To100 to Text\16. Number 0To100 to Text.csproj", "{C2B6BBE5-997E-41F7-9504-C0DE0EFE056A}"
EndProject
Global
	GlobalSection(SolutionConfigurationPlatforms) = preSolution
		Debug|Any CPU = Debug|Any CPU
		Release|Any CPU = Release|Any CPU
	EndGlobalSection
	GlobalSection(ProjectConfigurationPlatforms) = postSolution
		{C3C804A5-E083-4A7F-A340-4336C4C44C38}.Debug|Any CPU.ActiveCfg = Debug|Any CPU
		{C3C804A5-E083-4A7F-A340-4336C4C44C38}.Debug|Any CPU.Build.0 = Debug|Any CPU
		{C3C804A5-E083-4A7F-A340-4336C4C44C38}.Release|Any CPU.ActiveCfg = Release|Any CPU
		{C3C804A5-E083-4A7F-A340-4336C4C44C38}.Release|Any CPU.Build.0 = Release|Any CPU
		{FC22190B-8CCC-49F1-B28A-550DD6FD3FFB}.Debug|Any CPU.ActiveCfg = Debug|Any CPU
		{FC22190B-8CCC-49F1-B28A-550DD6FD3FFB}.Debug|Any CPU.Build.0 = Debug|Any CPU
		{FC22190B-8CCC-49F1-B28A-550DD6FD3FFB}.Release|Any CPU.ActiveCfg = Release|Any CPU
		{FC22190B-8CCC-49F1-B28A-550DD6FD3FFB}.Release|Any CPU.Build.0 = Release|Any CPU
		{E2CCB282-901B-4D13-91C7-0A2C289CF727}.Debug|Any CPU.ActiveCfg = Debug|Any CPU
		{E2CCB282-901B-4D13-91C7-0A2C289CF727}.Debug|Any CPU.Build.0 = Debug|Any CPU
		{E2CCB282-901B-4D13-91C7-0A2C289CF727}.Release|Any CPU.ActiveCfg = Release|Any CPU
		{E2CCB282-901B-4D13-91C7-0A2C289CF727}.Release|Any CPU.Build.0 = Release|Any CPU
		{E7C95F42-C1D9-4C16-B998-9FE54F23D963}.Debug|Any CPU.ActiveCfg = Debug|Any CPU
		{E7C95F42-C1D9-4C16-B998-9FE54F23D963}.Debug|Any CPU.Build.0 = Debug|Any CPU
		{E7C95F42-C1D9-4C16-B998-9FE54F23D963}.Release|Any CPU.ActiveCfg = Release|Any CPU
		{E7C95F42-C1D9-4C16-B998-9FE54F23D963}.Release|Any CPU.Build.0 = Release|Any CPU
		{B7B26092-5201-4252-A43A-3B58BBE6AD41}.Debug|Any CPU.ActiveCfg = Debug|Any CPU
		{B7B26092-5201-4252-A43A-3B58BBE6AD41}.Debug|Any CPU.Build.0 = Debug|Any CPU
		{B7B26092-5201-4252-A43A-3B58BBE6AD41}.Release|Any CPU.ActiveCfg = Release|Any CPU
		{B7B26092-5201-4252-A43A-3B58BBE6AD41}.Release|Any CPU.Build.0 = Release|Any CPU
		{1047F42F-A040-48E7-A306-BE4838D9D835}.Debug|Any CPU.ActiveCfg = Debug|Any CPU
		{1047F42F-A040-48E7-A306-BE4838D9D835}.Debug|Any CPU.Build.0 = Debug|Any CPU
		{1047F42F-A040-48E7-A306-BE4838D9D835}.Release|Any CPU.ActiveCfg = Release|Any CPU
		{1047F42F-A040-48E7-A306-BE4838D9D835}.Release|Any CPU.Build.0 = Release|Any CPU
		{23F3B02C-1645-46C7-A4B3-EB9240B61632}.Debug|Any CPU.ActiveCfg = Debug|Any CPU
		{23F3B02C-1645-46C7-A4B3-EB9240B61632}.Debug|Any CPU.Build.0 = Debug|Any CPU
		{23F3B02C-1645-46C7-A4B3-EB9240B61632}.Release|Any CPU.ActiveCfg = Release|Any CPU
		{23F3B02C-1645-46C7-A4B3-EB9240B61632}.Release|Any CPU.Build.0 = Release|Any CPU
		{6D2C446F-F6AA-4ED2-ABF5-7A698BDFCB52}.Debug|Any CPU.ActiveCfg = Debug|Any CPU
		{6D2C446F-F6AA-4ED2-ABF5-7A698BDFCB52}.Debug|Any CPU.Build.0 = Debug|Any CPU
		{6D2C446F-F6AA-4ED2-ABF5-7A698BDFCB52}.Release|Any CPU.ActiveCfg = Release|Any CPU
		{6D2C446F-F6AA-4ED2-ABF5-7A698BDFCB52}.Release|Any CPU.Build.0 = Release|Any CPU
		{09515451-4F3A-4367-84A3-F556A0E60C33}.Debug|Any CPU.ActiveCfg = Debug|Any CPU
		{09515451-4F3A-4367-84A3-F556A0E60C33}.Debug|Any CPU.Build.0 = Debug|Any CPU
		{09515451-4F3A-4367-84A3-F556A0E60C33}.Release|Any CPU.ActiveCfg = Release|Any CPU
		{09515451-4F3A-4367-84A3-F556A0E60C33}.Release|Any CPU.Build.0 = Release|Any CPU
		{8405D25B-2B11-4D75-B3D1-C32731A03793}.Debug|Any CPU.ActiveCfg = Debug|Any CPU
		{8405D25B-2B11-4D75-B3D1-C32731A03793}.Debug|Any CPU.Build.0 = Debug|Any CPU
		{8405D25B-2B11-4D75-B3D1-C32731A03793}.Release|Any CPU.ActiveCfg = Release|Any CPU
		{8405D25B-2B11-4D75-B3D1-C32731A03793}.Release|Any CPU.Build.0 = Release|Any CPU
		{CB9992A0-A2C2-4DCA-852C-F4A36F42C633}.Debug|Any CPU.ActiveCfg = Debug|Any CPU
		{CB9992A0-A2C2-4DCA-852C-F4A36F42C633}.Debug|Any CPU.Build.0 = Debug|Any CPU
		{CB9992A0-A2C2-4DCA-852C-F4A36F42C633}.Release|Any CPU.ActiveCfg = Release|Any CPU
		{CB9992A0-A2C2-4DCA-852C-F4A36F42C633}.Release|Any CPU.Build.0 = Release|Any CPU
		{8272E270-AFD4-4875-A2A8-5A93A76B1D3F}.Debug|Any CPU.ActiveCfg = Debug|Any CPU
		{8272E270-AFD4-4875-A2A8-5A93A76B1D3F}.Debug|Any CPU.Build.0 = Debug|Any CPU
		{8272E270-AFD4-4875-A2A8-5A93A76B1D3F}.Release|Any CPU.ActiveCfg = Release|Any CPU
		{8272E270-AFD4-4875-A2A8-5A93A76B1D3F}.Release|Any CPU.Build.0 = Release|Any CPU
		{4088DF0D-2C70-49A0-9CF5-83A4225C44D6}.Debug|Any CPU.ActiveCfg = Debug|Any CPU
		{4088DF0D-2C70-49A0-9CF5-83A4225C44D6}.Debug|Any CPU.Build.0 = Debug|Any CPU
		{4088DF0D-2C70-49A0-9CF5-83A4225C44D6}.Release|Any CPU.ActiveCfg = Release|Any CPU
		{4088DF0D-2C70-49A0-9CF5-83A4225C44D6}.Release|Any CPU.Build.0 = Release|Any CPU
		{F46DAA73-843B-438C-93E8-D360C5F5E429}.Debug|Any CPU.ActiveCfg = Debug|Any CPU
		{F46DAA73-843B-438C-93E8-D360C5F5E429}.Debug|Any CPU.Build.0 = Debug|Any CPU
		{F46DAA73-843B-438C-93E8-D360C5F5E429}.Release|Any CPU.ActiveCfg = Release|Any CPU
		{F46DAA73-843B-438C-93E8-D360C5F5E429}.Release|Any CPU.Build.0 = Release|Any CPU
		{1F4F04EC-2A34-48F5-A77E-8CA60A90A45B}.Debug|Any CPU.ActiveCfg = Debug|Any CPU
		{1F4F04EC-2A34-48F5-A77E-8CA60A90A45B}.Debug|Any CPU.Build.0 = Debug|Any CPU
		{1F4F04EC-2A34-48F5-A77E-8CA60A90A45B}.Release|Any CPU.ActiveCfg = Release|Any CPU
		{1F4F04EC-2A34-48F5-A77E-8CA60A90A45B}.Release|Any CPU.Build.0 = Release|Any CPU
		{C2B6BBE5-997E-41F7-9504-C0DE0EFE056A}.Debug|Any CPU.ActiveCfg = Debug|Any CPU
		{C2B6BBE5-997E-41F7-9504-C0DE0EFE056A}.Debug|Any CPU.Build.0 = Debug|Any CPU
		{C2B6BBE5-997E-41F7-9504-C0DE0EFE056A}.Release|Any CPU.ActiveCfg = Release|Any CPU
		{C2B6BBE5-997E-41F7-9504-C0DE0EFE056A}.Release|Any CPU.Build.0 = Release|Any CPU
	EndGlobalSection
	GlobalSection(SolutionProperties) = preSolution
		HideSolutionNode = FALSE
	EndGlobalSection
	GlobalSection(ExtensibilityGlobals) = postSolution
		SolutionGuid = {3C5E9098-97F8-4481-9804-BC772407A63F}
	EndGlobalSection
EndGlobal
