
Microsoft Visual Studio Solution File, Format Version 12.00
# Visual Studio Version 17
VisualStudioVersion = 17.2.32616.157
MinimumVisualStudioVersion = 10.0.40219.1
Project("{FAE04EC0-301F-11D3-BF4B-00C04F79EFBC}") = "01. Excellent Result", "01. Excellent Result\01. Excellent Result.csproj", "{C3C804A5-E083-4A7F-A340-4336C4C44C38}"
EndProject
Project("{FAE04EC0-301F-11D3-BF4B-00C04F79EFBC}") = "02. Excellent or Not", "02. Excellent or Not\02. Excellent or Not.csproj", "{FC22190B-8CCC-49F1-B28A-550DD6FD3FFB}"
EndProject
Project("{FAE04EC0-301F-11D3-BF4B-00C04F79EFBC}") = "03. Even or Odd", "03. Even or Odd\03. Even or Odd.csproj", "{E2CCB282-901B-4D13-91C7-0A2C289CF727}"
EndProject
Project("{FAE04EC0-301F-11D3-BF4B-00C04F79EFBC}") = "04. Greater Number", "04. Greater Number\04. Greater Number.csproj", "{E7C95F42-C1D9-4C16-B998-9FE54F23D963}"
EndProject
Global
	GlobalSection(SolutionConfigurationPlatforms) = preSolution
		Debug|Any CPU = Debug|Any CPU
		Release|Any CPU = Release|Any CPU
	EndGlobalSection
	GlobalSection(ProjectConfigurationPlatforms) = postSolution
		{C3C804A5-E083-4A7F-A340-4336C4C44C38}.Debug|Any CPU.ActiveCfg = Debug|Any CPU
		{C3C804A5-E083-4A7F-A340-4336C4C44C38}.Debug|Any CPU.Build.0 = Debug|Any CPU
		{C3C804A5-E083-4A7F-A340-4336C4C44C38}.Release|Any CPU.ActiveCfg = Release|Any CPU
		{C3C804A5-E083-4A7F-A340-4336C4C44C38}.Release|Any CPU.Build.0 = Release|Any CPU
		{FC22190B-8CCC-49F1-B28A-550DD6FD3FFB}.Debug|Any CPU.ActiveCfg = Debug|Any CPU
		{FC22190B-8CCC-49F1-B28A-550DD6FD3FFB}.Debug|Any CPU.Build.0 = Debug|Any CPU
		{FC22190B-8CCC-49F1-B28A-550DD6FD3FFB}.Release|Any CPU.ActiveCfg = Release|Any CPU
		{FC22190B-8CCC-49F1-B28A-550DD6FD3FFB}.Release|Any CPU.Build.0 = Release|Any CPU
		{E2CCB282-901B-4D13-91C7-0A2C289CF727}.Debug|Any CPU.ActiveCfg = Debug|Any CPU
		{E2CCB282-901B-4D13-91C7-0A2C289CF727}.Debug|Any CPU.Build.0 = Debug|Any CPU
		{E2CCB282-901B-4D13-91C7-0A2C289CF727}.Release|Any CPU.ActiveCfg = Release|Any CPU
		{E2CCB282-901B-4D13-91C7-0A2C289CF727}.Release|Any CPU.Build.0 = Release|Any CPU
		{E7C95F42-C1D9-4C16-B998-9FE54F23D963}.Debug|Any CPU.ActiveCfg = Debug|Any CPU
		{E7C95F42-C1D9-4C16-B998-9FE54F23D963}.Debug|Any CPU.Build.0 = Debug|Any CPU
		{E7C95F42-C1D9-4C16-B998-9FE54F23D963}.Release|Any CPU.ActiveCfg = Release|Any CPU
		{E7C95F42-C1D9-4C16-B998-9FE54F23D963}.Release|Any CPU.Build.0 = Release|Any CPU
	EndGlobalSection
	GlobalSection(SolutionProperties) = preSolution
		HideSolutionNode = FALSE
	EndGlobalSection
	GlobalSection(ExtensibilityGlobals) = postSolution
		SolutionGuid = {3C5E9098-97F8-4481-9804-BC772407A63F}
	EndGlobalSection
EndGlobal
